// !$*UTF8*$!
{
	archiveVersion = 1;
	classes = {
	};
	objectVersion = 77;
	objects = {

/* Begin PBXBuildFile section */
		F2A0A0032FA0000000000003 /* AppAttestKit in Frameworks */ = {isa = PBXBuildFile; productRef = F2A0A0022FA0000000000002 /* AppAttestKit */; };
		F2A0A0052FA0000000000005 /* AppAttestKit in Frameworks */ = {isa = PBXBuildFile; productRef = F2A0A0042FA0000000000004 /* AppAttestKit */; };
/* End PBXBuildFile section */

/* Begin PBXContainerItemProxy section */
		F2F5FDFD2F9B321100F5071A /* PBXContainerItemProxy */ = {
			isa = PBXContainerItemProxy;
			containerPortal = F2F5FDE72F9B320F00F5071A /* Project object */;
			proxyType = 1;
			remoteGlobalIDString = F2F5FDEE2F9B320F00F5071A;
			remoteInfo = TAPCamDemo;
		};
		F2F5FE072F9B321100F5071A /* PBXContainerItemProxy */ = {
			isa = PBXContainerItemProxy;
			containerPortal = F2F5FDE72F9B320F00F5071A /* Project object */;
			proxyType = 1;
			remoteGlobalIDString = F2F5FDEE2F9B320F00F5071A;
			remoteInfo = TAPCamDemo;
		};
/* End PBXContainerItemProxy section */

/* Begin PBXFileReference section */
		F2F5FDEF2F9B320F00F5071A /* TAPCamDemo.app */ = {isa = PBXFileReference; explicitFileType = wrapper.application; includeInIndex = 0; path = TAPCamDemo.app; sourceTree = BUILT_PRODUCTS_DIR; };
		F2F5FDFC2F9B321100F5071A /* TAPCamDemoTests.xctest */ = {isa = PBXFileReference; explicitFileType = wrapper.cfbundle; includeInIndex = 0; path = TAPCamDemoTests.xctest; sourceTree = BUILT_PRODUCTS_DIR; };
		F2F5FE062F9B321100F5071A /* TAPCamDemoUITests.xctest */ = {isa = PBXFileReference; explicitFileType = wrapper.cfbundle; includeInIndex = 0; path = TAPCamDemoUITests.xctest; sourceTree = BUILT_PRODUCTS_DIR; };
/* End PBXFileReference section */

/* Begin PBXFileSystemSynchronizedRootGroup section */
		F2F5FDF12F9B320F00F5071A /* TAPCamDemo */ = {
			isa = PBXFileSystemSynchronizedRootGroup;
			path = TAPCamDemo;
			sourceTree = "<group>";
		};
		F2F5FDFF2F9B321100F5071A /* TAPCamDemoTests */ = {
			isa = PBXFileSystemSynchronizedRootGroup;
			path = TAPCamDemoTests;
			sourceTree = "<group>";
		};
		F2F5FE092F9B321100F5071A /* TAPCamDemoUITests */ = {
			isa = PBXFileSystemSynchronizedRootGroup;
			path = TAPCamDemoUITests;
			sourceTree = "<group>";
		};
/* End PBXFileSystemSynchronizedRootGroup section */

/* Begin PBXFrameworksBuildPhase section */
		F2F5FDEC2F9B320F00F5071A /* Frameworks */ = {
			isa = PBXFrameworksBuildPhase;
			buildActionMask = 2147483647;
			files = (
				F2A0A0032FA0000000000003 /* AppAttestKit in Frameworks */,
			);
			runOnlyForDeploymentPostprocessing = 0;
		};
		F2F5FDF92F9B321100F5071A /* Frameworks */ = {
			isa = PBXFrameworksBuildPhase;
			buildActionMask = 2147483647;
			files = (
				F2A0A0052FA0000000000005 /* AppAttestKit in Frameworks */,
			);
			runOnlyForDeploymentPostprocessing = 0;
		};
		F2F5FE032F9B321100F5071A /* Frameworks */ = {
			isa = PBXFrameworksBuildPhase;
			buildActionMask = 2147483647;
			files = (
			);
			runOnlyForDeploymentPostprocessing = 0;
		};
/* End PBXFrameworksBuildPhase section */

/* Begin PBXGroup section */
		F2F5FDE62F9B320F00F5071A = {
			isa = PBXGroup;
			children = (
				F2F5FDF12F9B320F00F5071A /* TAPCamDemo */,
				F2F5FDFF2F9B321100F5071A /* TAPCamDemoTests */,
				F2F5FE092F9B321100F5071A /* TAPCamDemoUITests */,
				F2F5FDF02F9B320F00F5071A /* Products */,
			);
			sourceTree = "<group>";
		};
		F2F5FDF02F9B320F00F5071A /* Products */ = {
			isa = PBXGroup;
			children = (
				F2F5FDEF2F9B320F00F5071A /* TAPCamDemo.app */,
				F2F5FDFC2F9B321100F5071A /* TAPCamDemoTests.xctest */,
				F2F5FE062F9B321100F5071A /* TAPCamDemoUITests.xctest */,
			);
			name = Products;
			sourceTree = "<group>";
		};
/* End PBXGroup section */

/* Begin PBXNativeTarget section */
		F2F5FDEE2F9B320F00F5071A /* TAPCamDemo */ = {
			isa = PBXNativeTarget;
			buildConfigurationList = F2F5FE102F9B321100F5071A /* Build configuration list for PBXNativeTarget "TAPCamDemo" */;
			buildPhases = (
				F2F5FDEB2F9B320F00F5071A /* Sources */,
				F2F5FDEC2F9B320F00F5071A /* Frameworks */,
				F2F5FDED2F9B320F00F5071A /* Resources */,
			);
			buildRules = (
			);
			dependencies = (
			);
			fileSystemSynchronizedGroups = (
				F2F5FDF12F9B320F00F5071A /* TAPCamDemo */,
			);
			name = TAPCamDemo;
			packageProductDependencies = (
				F2A0A0022FA0000000000002 /* AppAttestKit */,
			);
			productName = TAPCamDemo;
			productReference = F2F5FDEF2F9B320F00F5071A /* TAPCamDemo.app */;
			productType = "com.apple.product-type.application";
		};
		F2F5FDFB2F9B321100F5071A /* TAPCamDemoTests */ = {
			isa = PBXNativeTarget;
			buildConfigurationList = F2F5FE132F9B321100F5071A /* Build configuration list for PBXNativeTarget "TAPCamDemoTests" */;
			buildPhases = (
				F2F5FDF82F9B321100F5071A /* Sources */,
				F2F5FDF92F9B321100F5071A /* Frameworks */,
				F2F5FDFA2F9B321100F5071A /* Resources */,
			);
			buildRules = (
			);
			dependencies = (
				F2F5FDFE2F9B321100F5071A /* PBXTargetDependency */,
			);
			fileSystemSynchronizedGroups = (
				F2F5FDFF2F9B321100F5071A /* TAPCamDemoTests */,
			);
			name = TAPCamDemoTests;
			packageProductDependencies = (
				F2A0A0042FA0000000000004 /* AppAttestKit */,
			);
			productName = TAPCamDemoTests;
			productReference = F2F5FDFC2F9B321100F5071A /* TAPCamDemoTests.xctest */;
			productType = "com.apple.product-type.bundle.unit-test";
		};
		F2F5FE052F9B321100F5071A /* TAPCamDemoUITests */ = {
			isa = PBXNativeTarget;
			buildConfigurationList = F2F5FE162F9B321100F5071A /* Build configuration list for PBXNativeTarget "TAPCamDemoUITests" */;
			buildPhases = (
				F2F5FE022F9B321100F5071A /* Sources */,
				F2F5FE032F9B321100F5071A /* Frameworks */,
				F2F5FE042F9B321100F5071A /* Resources */,
			);
			buildRules = (
			);
			dependencies = (
				F2F5FE082F9B321100F5071A /* PBXTargetDependency */,
			);
			fileSystemSynchronizedGroups = (
				F2F5FE092F9B321100F5071A /* TAPCamDemoUITests */,
			);
			name = TAPCamDemoUITests;
			packageProductDependencies = (
			);
			productName = TAPCamDemoUITests;
			productReference = F2F5FE062F9B321100F5071A /* TAPCamDemoUITests.xctest */;
			productType = "com.apple.product-type.bundle.ui-testing";
		};
/* End PBXNativeTarget section */

/* Begin PBXProject section */
		F2F5FDE72F9B320F00F5071A /* Project object */ = {
			isa = PBXProject;
			attributes = {
				BuildIndependentTargetsInParallel = 1;
				LastSwiftUpdateCheck = 2640;
				LastUpgradeCheck = 2640;
				TargetAttributes = {
					F2F5FDEE2F9B320F00F5071A = {
						CreatedOnToolsVersion = 26.4.1;
					};
					F2F5FDFB2F9B321100F5071A = {
						CreatedOnToolsVersion = 26.4.1;
						TestTargetID = F2F5FDEE2F9B320F00F5071A;
					};
					F2F5FE052F9B321100F5071A = {
						CreatedOnToolsVersion = 26.4.1;
						TestTargetID = F2F5FDEE2F9B320F00F5071A;
					};
				};
			};
			buildConfigurationList = F2F5FDEA2F9B320F00F5071A /* Build configuration list for PBXProject "TAPCamDemo" */;
			developmentRegion = en;
			hasScannedForEncodings = 0;
			knownRegions = (
				en,
				Base,
			);
			mainGroup = F2F5FDE62F9B320F00F5071A;
			minimizedProjectReferenceProxies = 1;
			packageReferences = (
				F2A0A0012FA0000000000001 /* XCRemoteSwiftPackageReference "AppAttestKit" */,
			);
			preferredProjectObjectVersion = 77;
			productRefGroup = F2F5FDF02F9B320F00F5071A /* Products */;
			projectDirPath = "";
			projectRoot = "";
			targets = (
				F2F5FDEE2F9B320F00F5071A /* TAPCamDemo */,
				F2F5FDFB2F9B321100F5071A /* TAPCamDemoTests */,
				F2F5FE052F9B321100F5071A /* TAPCamDemoUITests */,
			);
		};
/* End PBXProject section */

/* Begin PBXResourcesBuildPhase section */
		F2F5FDED2F9B320F00F5071A /* Resources */ = {
			isa = PBXResourcesBuildPhase;
			buildActionMask = 2147483647;
			files = (
			);
			runOnlyForDeploymentPostprocessing = 0;
		};
		F2F5FDFA2F9B321100F5071A /* Resources */ = {
			isa = PBXResourcesBuildPhase;
			buildActionMask = 2147483647;
			files = (
			);
			runOnlyForDeploymentPostprocessing = 0;
		};
		F2F5FE042F9B321100F5071A /* Resources */ = {
			isa = PBXResourcesBuildPhase;
			buildActionMask = 2147483647;
			files = (
			);
			runOnlyForDeploymentPostprocessing = 0;
		};
/* End PBXResourcesBuildPhase section */

/* Begin PBXSourcesBuildPhase section */
		F2F5FDEB2F9B320F00F5071A /* Sources */ = {
			isa = PBXSourcesBuildPhase;
			buildActionMask = 2147483647;
			files = (
			);
			runOnlyForDeploymentPostprocessing = 0;
		};
		F2F5FDF82F9B321100F5071A /* Sources */ = {
			isa = PBXSourcesBuildPhase;
			buildActionMask = 2147483647;
			files = (
			);
			runOnlyForDeploymentPostprocessing = 0;
		};
		F2F5FE022F9B321100F5071A /* Sources */ = {
			isa = PBXSourcesBuildPhase;
			buildActionMask = 2147483647;
			files = (
			);
			runOnlyForDeploymentPostprocessing = 0;
		};
/* End PBXSourcesBuildPhase section */

/* Begin PBXTargetDependency section */
		F2F5FDFE2F9B321100F5071A /* PBXTargetDependency */ = {
			isa = PBXTargetDependency;
			target = F2F5FDEE2F9B320F00F5071A /* TAPCamDemo */;
			targetProxy = F2F5FDFD2F9B321100F5071A /* PBXContainerItemProxy */;
		};
		F2F5FE082F9B321100F5071A /* PBXTargetDependency */ = {
			isa = PBXTargetDependency;
			target = F2F5FDEE2F9B320F00F5071A /* TAPCamDemo */;
			targetProxy = F2F5FE072F9B321100F5071A /* PBXContainerItemProxy */;
		};
/* End PBXTargetDependency section */

/* Begin XCBuildConfiguration section */
		F2F5FE0E2F9B321100F5071A /* Debug */ = {
			isa = XCBuildConfiguration;
			buildSettings = {
				ALWAYS_SEARCH_USER_PATHS = NO;
				ASSETCATALOG_COMPILER_GENERATE_SWIFT_ASSET_SYMBOL_EXTENSIONS = YES;
				CLANG_ANALYZER_NONNULL = YES;
				CLANG_ANALYZER_NUMBER_OBJECT_CONVERSION = YES_AGGRESSIVE;
				CLANG_CXX_LANGUAGE_STANDARD = "gnu++20";
				CLANG_ENABLE_MODULES = YES;
				CLANG_ENABLE_OBJC_ARC = YES;
				CLANG_ENABLE_OBJC_WEAK = YES;
				CLANG_WARN_BLOCK_CAPTURE_AUTORELEASING = YES;
				CLANG_WARN_BOOL_CONVERSION = YES;
				CLANG_WARN_COMMA = YES;
				CLANG_WARN_CONSTANT_CONVERSION = YES;
				CLANG_WARN_DEPRECATED_OBJC_IMPLEMENTATIONS = YES;
				CLANG_WARN_DIRECT_OBJC_ISA_USAGE = YES_ERROR;
				CLANG_WARN_DOCUMENTATION_COMMENTS = YES;
				CLANG_WARN_EMPTY_BODY = YES;
				CLANG_WARN_ENUM_CONVERSION = YES;
				CLANG_WARN_INFINITE_RECURSION = YES;
				CLANG_WARN_INT_CONVERSION = YES;
				CLANG_WARN_NON_LITERAL_NULL_CONVERSION = YES;
				CLANG_WARN_OBJC_IMPLICIT_RETAIN_SELF = YES;
				CLANG_WARN_OBJC_LITERAL_CONVERSION = YES;
				CLANG_WARN_OBJC_ROOT_CLASS = YES_ERROR;
				CLANG_WARN_QUOTED_INCLUDE_IN_FRAMEWORK_HEADER = YES;
				CLANG_WARN_RANGE_LOOP_ANALYSIS = YES;
				CLANG_WARN_STRICT_PROTOTYPES = YES;
				CLANG_WARN_SUSPICIOUS_MOVE = YES;
				CLANG_WARN_UNGUARDED_AVAILABILITY = YES_AGGRESSIVE;
				CLANG_WARN_UNREACHABLE_CODE = YES;
				CLANG_WARN__DUPLICATE_METHOD_MATCH = YES;
				COPY_PHASE_STRIP = NO;
				DEBUG_INFORMATION_FORMAT = dwarf;
				DEVELOPMENT_TEAM = UD3269PSCB;
				ENABLE_STRICT_OBJC_MSGSEND = YES;
				ENABLE_TESTABILITY = YES;
				ENABLE_USER_SCRIPT_SANDBOXING = YES;
				GCC_C_LANGUAGE_STANDARD = gnu17;
				GCC_DYNAMIC_NO_PIC = NO;
				GCC_NO_COMMON_BLOCKS = YES;
				GCC_OPTIMIZATION_LEVEL = 0;
				GCC_PREPROCESSOR_DEFINITIONS = (
					"DEBUG=1",
					"$(inherited)",
				);
				GCC_WARN_64_TO_32_BIT_CONVERSION = YES;
				GCC_WARN_ABOUT_RETURN_TYPE = YES_ERROR;
				GCC_WARN_UNDECLARED_SELECTOR = YES;
				GCC_WARN_UNINITIALIZED_AUTOS = YES_AGGRESSIVE;
				GCC_WARN_UNUSED_FUNCTION = YES;
				GCC_WARN_UNUSED_VARIABLE = YES;
				IPHONEOS_DEPLOYMENT_TARGET = 18.6;
				LOCALIZATION_PREFERS_STRING_CATALOGS = YES;
				MTL_ENABLE_DEBUG_INFO = INCLUDE_SOURCE;
				MTL_FAST_MATH = YES;
				ONLY_ACTIVE_ARCH = YES;
				SDKROOT = iphoneos;
				SWIFT_ACTIVE_COMPILATION_CONDITIONS = "DEBUG $(inherited)";
				SWIFT_OPTIMIZATION_LEVEL = "-Onone";
			};
			name = Debug;
		};
		F2F5FE0F2F9B321100F5071A /* Release */ = {
			isa = XCBuildConfiguration;
			buildSettings = {
				ALWAYS_SEARCH_USER_PATHS = NO;
				ASSETCATALOG_COMPILER_GENERATE_SWIFT_ASSET_SYMBOL_EXTENSIONS = YES;
				CLANG_ANALYZER_NONNULL = YES;
				CLANG_ANALYZER_NUMBER_OBJECT_CONVERSION = YES_AGGRESSIVE;
				CLANG_CXX_LANGUAGE_STANDARD = "gnu++20";
				CLANG_ENABLE_MODULES = YES;
				CLANG_ENABLE_OBJC_ARC = YES;
				CLANG_ENABLE_OBJC_WEAK = YES;
				CLANG_WARN_BLOCK_CAPTURE_AUTORELEASING = YES;
				CLANG_WARN_BOOL_CONVERSION = YES;
				CLANG_WARN_COMMA = YES;
				CLANG_WARN_CONSTANT_CONVERSION = YES;
				CLANG_WARN_DEPRECATED_OBJC_IMPLEMENTATIONS = YES;
				CLANG_WARN_DIRECT_OBJC_ISA_USAGE = YES_ERROR;
				CLANG_WARN_DOCUMENTATION_COMMENTS = YES;
				CLANG_WARN_EMPTY_BODY = YES;
				CLANG_WARN_ENUM_CONVERSION = YES;
				CLANG_WARN_INFINITE_RECURSION = YES;
				CLANG_WARN_INT_CONVERSION = YES;
				CLANG_WARN_NON_LITERAL_NULL_CONVERSION = YES;
				CLANG_WARN_OBJC_IMPLICIT_RETAIN_SELF = YES;
				CLANG_WARN_OBJC_LITERAL_CONVERSION = YES;
				CLANG_WARN_OBJC_ROOT_CLASS = YES_ERROR;
				CLANG_WARN_QUOTED_INCLUDE_IN_FRAMEWORK_HEADER = YES;
				CLANG_WARN_RANGE_LOOP_ANALYSIS = YES;
				CLANG_WARN_STRICT_PROTOTYPES = YES;
				CLANG_WARN_SUSPICIOUS_MOVE = YES;
				CLANG_WARN_UNGUARDED_AVAILABILITY = YES_AGGRESSIVE;
				CLANG_WARN_UNREACHABLE_CODE = YES;
				CLANG_WARN__DUPLICATE_METHOD_MATCH = YES;
				COPY_PHASE_STRIP = NO;
				DEBUG_INFORMATION_FORMAT = "dwarf-with-dsym";
				DEVELOPMENT_TEAM = UD3269PSCB;
				ENABLE_NS_ASSERTIONS = NO;
				ENABLE_STRICT_OBJC_MSGSEND = YES;
				ENABLE_USER_SCRIPT_SANDBOXING = YES;
				GCC_C_LANGUAGE_STANDARD = gnu17;
				GCC_NO_COMMON_BLOCKS = YES;
				GCC_WARN_64_TO_32_BIT_CONVERSION = YES;
				GCC_WARN_ABOUT_RETURN_TYPE = YES_ERROR;
				GCC_WARN_UNDECLARED_SELECTOR = YES;
				GCC_WARN_UNINITIALIZED_AUTOS = YES_AGGRESSIVE;
				GCC_WARN_UNUSED_FUNCTION = YES;
				GCC_WARN_UNUSED_VARIABLE = YES;
				IPHONEOS_DEPLOYMENT_TARGET = 18.6;
				LOCALIZATION_PREFERS_STRING_CATALOGS = YES;
				MTL_ENABLE_DEBUG_INFO = NO;
				MTL_FAST_MATH = YES;
				SDKROOT = iphoneos;
				SWIFT_COMPILATION_MODE = wholemodule;
				VALIDATE_PRODUCT = YES;
			};
			name = Release;
		};
		F2F5FE112F9B321100F5071A /* Debug */ = {
			isa = XCBuildConfiguration;
			buildSettings = {
				APP_ATTEST_BACKEND_MODE = localDebug;
				APP_ATTEST_BACKEND_URL = "https://example.com";
				APP_ATTEST_LOCAL_CHALLENGE = TapTapNapNap123123;
				ASSETCATALOG_COMPILER_APPICON_NAME = AppIcon;
				ASSETCATALOG_COMPILER_GLOBAL_ACCENT_COLOR_NAME = AccentColor;
				CODE_SIGN_STYLE = Automatic;
				CURRENT_PROJECT_VERSION = 1;
				DEVELOPMENT_TEAM = UD3269PSCB;
				ENABLE_PREVIEWS = YES;
				GENERATE_INFOPLIST_FILE = NO;
				INFOPLIST_FILE = "TAPCamDemo-Info.plist";
				INFOPLIST_KEY_CFBundleDisplayName = TAPCam;
				IPHONEOS_DEPLOYMENT_TARGET = 18.6;
				LD_RUNPATH_SEARCH_PATHS = (
					"$(inherited)",
					"@executable_path/Frameworks",
				);
				MARKETING_VERSION = 0.2;
				PRODUCT_BUNDLE_IDENTIFIER = "TAP-NAP.TAPCamDemo";
				PRODUCT_NAME = "$(TARGET_NAME)";
				STRING_CATALOG_GENERATE_SYMBOLS = YES;
				SWIFT_APPROACHABLE_CONCURRENCY = YES;
				SWIFT_DEFAULT_ACTOR_ISOLATION = MainActor;
				SWIFT_EMIT_LOC_STRINGS = YES;
				SWIFT_UPCOMING_FEATURE_MEMBER_IMPORT_VISIBILITY = YES;
				SWIFT_VERSION = 5.0;
				TARGETED_DEVICE_FAMILY = "1,2";
			};
			name = Debug;
		};
		F2F5FE122F9B321100F5071A /* Release */ = {
			isa = XCBuildConfiguration;
			buildSettings = {
				APP_ATTEST_BACKEND_MODE = localDebug;
				APP_ATTEST_BACKEND_URL = "";
				APP_ATTEST_LOCAL_CHALLENGE = TapTapNapNap123123;
				ASSETCATALOG_COMPILER_APPICON_NAME = AppIcon;
				ASSETCATALOG_COMPILER_GLOBAL_ACCENT_COLOR_NAME = AccentColor;
				CODE_SIGN_STYLE = Automatic;
				CURRENT_PROJECT_VERSION = 1;
				DEVELOPMENT_TEAM = UD3269PSCB;
				ENABLE_PREVIEWS = YES;
				GENERATE_INFOPLIST_FILE = NO;
				INFOPLIST_FILE = "TAPCamDemo-Info.plist";
				INFOPLIST_KEY_CFBundleDisplayName = TAPCam;
				IPHONEOS_DEPLOYMENT_TARGET = 18.6;
				LD_RUNPATH_SEARCH_PATHS = (
					"$(inherited)",
					"@executable_path/Frameworks",
				);
				MARKETING_VERSION = 0.2;
				PRODUCT_BUNDLE_IDENTIFIER = "TAP-NAP.TAPCamDemo";
				PRODUCT_NAME = "$(TARGET_NAME)";
				STRING_CATALOG_GENERATE_SYMBOLS = YES;
				SWIFT_APPROACHABLE_CONCURRENCY = YES;
				SWIFT_DEFAULT_ACTOR_ISOLATION = MainActor;
				SWIFT_EMIT_LOC_STRINGS = YES;
				SWIFT_UPCOMING_FEATURE_MEMBER_IMPORT_VISIBILITY = YES;
				SWIFT_VERSION = 5.0;
				TARGETED_DEVICE_FAMILY = "1,2";
			};
			name = Release;
		};
		F2F5FE142F9B321100F5071A /* Debug */ = {
			isa = XCBuildConfiguration;
			buildSettings = {
				BUNDLE_LOADER = "$(TEST_HOST)";
				CODE_SIGN_STYLE = Automatic;
				CURRENT_PROJECT_VERSION = 1;
				DEVELOPMENT_TEAM = UD3269PSCB;
				GENERATE_INFOPLIST_FILE = YES;
				IPHONEOS_DEPLOYMENT_TARGET = 18.6;
				MARKETING_VERSION = 1.0;
				PRODUCT_BUNDLE_IDENTIFIER = "TAP-NAP.TAPCamDemoTests";
				PRODUCT_NAME = "$(TARGET_NAME)";
				STRING_CATALOG_GENERATE_SYMBOLS = NO;
				SWIFT_APPROACHABLE_CONCURRENCY = YES;
				SWIFT_EMIT_LOC_STRINGS = NO;
				SWIFT_UPCOMING_FEATURE_MEMBER_IMPORT_VISIBILITY = YES;
				SWIFT_VERSION = 5.0;
				TARGETED_DEVICE_FAMILY = "1,2";
				TEST_HOST = "$(BUILT_PRODUCTS_DIR)/TAPCamDemo.app/$(BUNDLE_EXECUTABLE_FOLDER_PATH)/TAPCamDemo";
			};
			name = Debug;
		};
		F2F5FE152F9B321100F5071A /* Release */ = {
			isa = XCBuildConfiguration;
			buildSettings = {
				BUNDLE_LOADER = "$(TEST_HOST)";
				CODE_SIGN_STYLE = Automatic;
				CURRENT_PROJECT_VERSION = 1;
				DEVELOPMENT_TEAM = UD3269PSCB;
				GENERATE_INFOPLIST_FILE = YES;
				IPHONEOS_DEPLOYMENT_TARGET = 18.6;
				MARKETING_VERSION = 1.0;
				PRODUCT_BUNDLE_IDENTIFIER = "TAP-NAP.TAPCamDemoTests";
				PRODUCT_NAME = "$(TARGET_NAME)";
				STRING_CATALOG_GENERATE_SYMBOLS = NO;
				SWIFT_APPROACHABLE_CONCURRENCY = YES;
				SWIFT_EMIT_LOC_STRINGS = NO;
				SWIFT_UPCOMING_FEATURE_MEMBER_IMPORT_VISIBILITY = YES;
				SWIFT_VERSION = 5.0;
				TARGETED_DEVICE_FAMILY = "1,2";
				TEST_HOST = "$(BUILT_PRODUCTS_DIR)/TAPCamDemo.app/$(BUNDLE_EXECUTABLE_FOLDER_PATH)/TAPCamDemo";
			};
			name = Release;
		};
		F2F5FE172F9B321100F5071A /* Debug */ = {
			isa = XCBuildConfiguration;
			buildSettings = {
				CODE_SIGN_STYLE = Automatic;
				CURRENT_PROJECT_VERSION = 1;
				DEVELOPMENT_TEAM = UD3269PSCB;
				GENERATE_INFOPLIST_FILE = YES;
				MARKETING_VERSION = 1.0;
				PRODUCT_BUNDLE_IDENTIFIER = "TAP-NAP.TAPCamDemoUITests";
				PRODUCT_NAME = "$(TARGET_NAME)";
				STRING_CATALOG_GENERATE_SYMBOLS = NO;
				SWIFT_APPROACHABLE_CONCURRENCY = YES;
				SWIFT_EMIT_LOC_STRINGS = NO;
				SWIFT_UPCOMING_FEATURE_MEMBER_IMPORT_VISIBILITY = YES;
				SWIFT_VERSION = 5.0;
				TARGETED_DEVICE_FAMILY = "1,2";
				TEST_TARGET_NAME = TAPCamDemo;
			};
			name = Debug;
		};
		F2F5FE182F9B321100F5071A /* Release */ = {
			isa = XCBuildConfiguration;
			buildSettings = {
				CODE_SIGN_STYLE = Automatic;
				CURRENT_PROJECT_VERSION = 1;
				DEVELOPMENT_TEAM = UD3269PSCB;
				GENERATE_INFOPLIST_FILE = YES;
				MARKETING_VERSION = 1.0;
				PRODUCT_BUNDLE_IDENTIFIER = "TAP-NAP.TAPCamDemoUITests";
				PRODUCT_NAME = "$(TARGET_NAME)";
				STRING_CATALOG_GENERATE_SYMBOLS = NO;
				SWIFT_APPROACHABLE_CONCURRENCY = YES;
				SWIFT_EMIT_LOC_STRINGS = NO;
				SWIFT_UPCOMING_FEATURE_MEMBER_IMPORT_VISIBILITY = YES;
				SWIFT_VERSION = 5.0;
				TARGETED_DEVICE_FAMILY = "1,2";
				TEST_TARGET_NAME = TAPCamDemo;
			};
			name = Release;
		};
/* End XCBuildConfiguration section */

/* Begin XCConfigurationList section */
		F2F5FDEA2F9B320F00F5071A /* Build configuration list for PBXProject "TAPCamDemo" */ = {
			isa = XCConfigurationList;
			buildConfigurations = (
				F2F5FE0E2F9B321100F5071A /* Debug */,
				F2F5FE0F2F9B321100F5071A /* Release */,
			);
			defaultConfigurationIsVisible = 0;
			defaultConfigurationName = Release;
		};
		F2F5FE102F9B321100F5071A /* Build configuration list for PBXNativeTarget "TAPCamDemo" */ = {
			isa = XCConfigurationList;
			buildConfigurations = (
				F2F5FE112F9B321100F5071A /* Debug */,
				F2F5FE122F9B321100F5071A /* Release */,
			);
			defaultConfigurationIsVisible = 0;
			defaultConfigurationName = Release;
		};
		F2F5FE132F9B321100F5071A /* Build configuration list for PBXNativeTarget "TAPCamDemoTests" */ = {
			isa = XCConfigurationList;
			buildConfigurations = (
				F2F5FE142F9B321100F5071A /* Debug */,
				F2F5FE152F9B321100F5071A /* Release */,
			);
			defaultConfigurationIsVisible = 0;
			defaultConfigurationName = Release;
		};
		F2F5FE162F9B321100F5071A /* Build configuration list for PBXNativeTarget "TAPCamDemoUITests" */ = {
			isa = XCConfigurationList;
			buildConfigurations = (
				F2F5FE172F9B321100F5071A /* Debug */,
				F2F5FE182F9B321100F5071A /* Release */,
			);
			defaultConfigurationIsVisible = 0;
			defaultConfigurationName = Release;
		};
/* End XCConfigurationList section */

/* Begin XCRemoteSwiftPackageReference section */
		F2A0A0012FA0000000000001 /* XCRemoteSwiftPackageReference "AppAttestKit" */ = {
			isa = XCRemoteSwiftPackageReference;
			repositoryURL = "https://github.com/TAP-NAP/AppAttestKit.git";
			requirement = {
				branch = main;
				kind = branch;
			};
		};
/* End XCRemoteSwiftPackageReference section */

/* Begin XCSwiftPackageProductDependency section */
		F2A0A0022FA0000000000002 /* AppAttestKit */ = {
			isa = XCSwiftPackageProductDependency;
			package = F2A0A0012FA0000000000001 /* XCRemoteSwiftPackageReference "AppAttestKit" */;
			productName = AppAttestKit;
		};
		F2A0A0042FA0000000000004 /* AppAttestKit */ = {
			isa = XCSwiftPackageProductDependency;
			package = F2A0A0012FA0000000000001 /* XCRemoteSwiftPackageReference "AppAttestKit" */;
			productName = AppAttestKit;
		};
/* End XCSwiftPackageProductDependency section */
	};
	rootObject = F2F5FDE72F9B320F00F5071A /* Project object */;
}
