// !$*UTF8*$!
{
	archiveVersion = 1;
	classes = {
	};
	objectVersion = 77;
	objects = {

/* Begin PBXBuildFile section */
		F2A0A0032FA0000000000003 /* AppAttestKit in Frameworks */ = {isa = PBXBuildFile; productRef = F2A0A0022FA0000000000002 /* AppAttestKit */; };
		F2A0A0052FA0000000000005 /* AppAttestKit in Frameworks */ = {isa = PBXBuildFile; productRef = F2A0A0042FA0000000000004 /* AppAttestKit */; };
		F2A0B0032FB0000000000003 /* ZIPFoundation in Frameworks */ = {isa = PBXBuildFile; productRef = F2A0B0022FB0000000000002 /* ZIPFoundation */; };
		F2A0B0052FB0000000000005 /* ZIPFoundation in Frameworks */ = {isa = PBXBuildFile; productRef = F2A0B0042FB0000000000004 /* ZIPFoundation */; };
		F2C0C00330A0000000000003 /* libzstd in Frameworks */ = {isa = PBXBuildFile; productRef = F2C0C00230A0000000000002 /* libzstd */; };
		F2E300022FC0000000000002 /* TAPCamLockedCameraControlExtension.appex in Embed App Extensions */ = {isa = PBXBuildFile; fileRef = F2E200012FC0000000000001 /* TAPCamLockedCameraControlExtension.appex */; settings = {ATTRIBUTES = (RemoveHeadersOnCopy, ); }; };
		F2E300032FC0000000000003 /* TAPCamLockedCameraCaptureExtension.appex in Embed ExtensionKit Extensions */ = {isa = PBXBuildFile; fileRef = F2E100012FC0000000000001 /* TAPCamLockedCameraCaptureExtension.appex */; settings = {ATTRIBUTES = (RemoveHeadersOnCopy, ); }; };
/* End PBXBuildFile section */

/* Begin PBXContainerItemProxy section */
		F2B001072FA8000000000107 /* PBXContainerItemProxy */ = {
			isa = PBXContainerItemProxy;
			containerPortal = F2F5FDE72F9B320F00F5071A /* Project object */;
			proxyType = 1;
			remoteGlobalIDString = F2F5FDEE2F9B320F00F5071A;
			remoteInfo = TAPCamDemo;
		};
		F2E1000B2FC00000000000B /* PBXContainerItemProxy */ = {
			isa = PBXContainerItemProxy;
			containerPortal = F2F5FDE72F9B320F00F5071A /* Project object */;
			proxyType = 1;
			remoteGlobalIDString = F2E100062FC0000000000006;
			remoteInfo = TAPCamLockedCameraCaptureExtension;
		};
		F2E2000B2FC00000000000B /* PBXContainerItemProxy */ = {
			isa = PBXContainerItemProxy;
			containerPortal = F2F5FDE72F9B320F00F5071A /* Project object */;
			proxyType = 1;
			remoteGlobalIDString = F2E200062FC0000000000006;
			remoteInfo = TAPCamLockedCameraControlExtension;
		};
		F2F5FDFD2F9B321100F5071A /* PBXContainerItemProxy */ = {
			isa = PBXContainerItemProxy;
			containerPortal = F2F5FDE72F9B320F00F5071A /* Project object */;
			proxyType = 1;
			remoteGlobalIDString = F2F5FDEE2F9B320F00F5071A;
			remoteInfo = TAPCamDemo;
		};
/* End PBXContainerItemProxy section */

/* Begin PBXCopyFilesBuildPhase section */
		F2E300012FC0000000000001 /* Embed App Extensions */ = {
			isa = PBXCopyFilesBuildPhase;
			buildActionMask = 2147483647;
			dstPath = "";
			dstSubfolderSpec = 13;
			files = (
				F2E300022FC0000000000002 /* TAPCamLockedCameraControlExtension.appex in Embed App Extensions */,
			);
			name = "Embed App Extensions";
			runOnlyForDeploymentPostprocessing = 0;
		};
		F2E300042FC0000000000004 /* Embed ExtensionKit Extensions */ = {
			isa = PBXCopyFilesBuildPhase;
			buildActionMask = 2147483647;
			dstPath = "$(CONTENTS_FOLDER_PATH)/Extensions";
			dstSubfolderSpec = 16;
			files = (
				F2E300032FC0000000000003 /* TAPCamLockedCameraCaptureExtension.appex in Embed ExtensionKit Extensions */,
			);
			name = "Embed ExtensionKit Extensions";
			runOnlyForDeploymentPostprocessing = 0;
		};
/* End PBXCopyFilesBuildPhase section */

/* Begin PBXFileReference section */
		F2B001002FA8000000000100 /* TAPCamDemoUITests.xctest */ = {isa = PBXFileReference; explicitFileType = wrapper.cfbundle; includeInIndex = 0; path = TAPCamDemoUITests.xctest; sourceTree = BUILT_PRODUCTS_DIR; };
		F2E100012FC0000000000001 /* TAPCamLockedCameraCaptureExtension.appex */ = {isa = PBXFileReference; explicitFileType = "wrapper.app-extension"; includeInIndex = 0; path = TAPCamLockedCameraCaptureExtension.appex; sourceTree = BUILT_PRODUCTS_DIR; };
		F2E200012FC0000000000001 /* TAPCamLockedCameraControlExtension.appex */ = {isa = PBXFileReference; explicitFileType = "wrapper.app-extension"; includeInIndex = 0; path = TAPCamLockedCameraControlExtension.appex; sourceTree = BUILT_PRODUCTS_DIR; };
		F2F5FDEF2F9B320F00F5071A /* TAPCamDemo.app */ = {isa = PBXFileReference; explicitFileType = wrapper.application; includeInIndex = 0; path = TAPCamDemo.app; sourceTree = BUILT_PRODUCTS_DIR; };
		F2F5FDFC2F9B321100F5071A /* TAPCamDemoTests.xctest */ = {isa = PBXFileReference; explicitFileType = wrapper.cfbundle; includeInIndex = 0; path = TAPCamDemoTests.xctest; sourceTree = BUILT_PRODUCTS_DIR; };
/* End PBXFileReference section */

/* Begin PBXFileSystemSynchronizedBuildFileExceptionSet section */
		F2A0A0102FA0000000000010 /* Exceptions for "TAPCamDemo" folder in "TAPCamDemo" target */ = {
			isa = PBXFileSystemSynchronizedBuildFileExceptionSet;
			membershipExceptions = (
				App/README.md,
				CameraCapture/Documentation/APPLE_DEPTH_LIMITATIONS.md,
				CameraCapture/Documentation/ARCHITECTURE.md,
				CameraCapture/Documentation/CAPTURE_SOURCES.md,
				CameraCapture/Documentation/CROP.md,
				CameraCapture/Documentation/DEBUGGING.md,
				CameraCapture/Documentation/PACKAGING.md,
				CameraCapture/Documentation/PIPELINE.md,
				CameraCapture/Documentation/RGB_DEPTH_PAIRING.md,
				CameraCapture/Documentation/ZOOM.md,
				CameraCapture/Output/README.md,
				CameraCapture/Planning/README.md,
				CameraCapture/README.md,
				CameraCapture/Runtime/README.md,
				CameraCapture/Support/README.md,
				CameraCapture/UI/README.md,
				DepthAnalysis/AnalysisTools/README.md,
				DepthAnalysis/Documentation/PlanesTechnicalDesign.md,
				DepthAnalysis/Playback/PLAYBACK.md,
				DepthAnalysis/README.md,
				MediaLibrary/MEDIA_LIBRARY.md,
				README.md,
				TAPLibrary/README.md,
			);
			target = F2F5FDEE2F9B320F00F5071A /* TAPCamDemo */;
		};
		F2A0A0112FA0000000000011 /* Exceptions for "TAPCamDemoTests" folder in "TAPCamDemoTests" target */ = {
			isa = PBXFileSystemSynchronizedBuildFileExceptionSet;
			membershipExceptions = (
				README.md,
			);
			target = F2F5FDFB2F9B321100F5071A /* TAPCamDemoTests */;
		};
		F2E1000A2FC00000000000A /* Exceptions for "TAPCamLockedCameraCaptureExtension" folder in "TAPCamLockedCameraCaptureExtension" target */ = {
			isa = PBXFileSystemSynchronizedBuildFileExceptionSet;
			membershipExceptions = (
				Info.plist,
			);
			target = F2E100062FC0000000000006 /* TAPCamLockedCameraCaptureExtension */;
		};
		F2E2000A2FC00000000000A /* Exceptions for "TAPCamLockedCameraControlExtension" folder in "TAPCamLockedCameraControlExtension" target */ = {
			isa = PBXFileSystemSynchronizedBuildFileExceptionSet;
			membershipExceptions = (
				Info.plist,
			);
			target = F2E200062FC0000000000006 /* TAPCamLockedCameraControlExtension */;
		};
/* End PBXFileSystemSynchronizedBuildFileExceptionSet section */

/* Begin PBXFileSystemSynchronizedRootGroup section */
		F2B001022FA8000000000102 /* TAPCamDemoUITests */ = {
			isa = PBXFileSystemSynchronizedRootGroup;
			path = TAPCamDemoUITests;
			sourceTree = "<group>";
		};
		F2E100022FC0000000000002 /* TAPCamLockedCameraCaptureExtension */ = {
			isa = PBXFileSystemSynchronizedRootGroup;
			exceptions = (
				F2E1000A2FC00000000000A /* Exceptions for "TAPCamLockedCameraCaptureExtension" folder in "TAPCamLockedCameraCaptureExtension" target */,
			);
			path = TAPCamLockedCameraCaptureExtension;
			sourceTree = "<group>";
		};
		F2E200022FC0000000000002 /* TAPCamLockedCameraControlExtension */ = {
			isa = PBXFileSystemSynchronizedRootGroup;
			exceptions = (
				F2E2000A2FC00000000000A /* Exceptions for "TAPCamLockedCameraControlExtension" folder in "TAPCamLockedCameraControlExtension" target */,
			);
			path = TAPCamLockedCameraControlExtension;
			sourceTree = "<group>";
		};
		F2E400012FC0000000000001 /* TAPCamLockedCameraIntents */ = {
			isa = PBXFileSystemSynchronizedRootGroup;
			path = TAPCamLockedCameraIntents;
			sourceTree = "<group>";
		};
		F2F5FDF12F9B320F00F5071A /* TAPCamDemo */ = {
			isa = PBXFileSystemSynchronizedRootGroup;
			exceptions = (
				F2A0A0102FA0000000000010 /* Exceptions for "TAPCamDemo" folder in "TAPCamDemo" target */,
			);
			path = TAPCamDemo;
			sourceTree = "<group>";
		};
		F2F5FDFF2F9B321100F5071A /* TAPCamDemoTests */ = {
			isa = PBXFileSystemSynchronizedRootGroup;
			exceptions = (
				F2A0A0112FA0000000000011 /* Exceptions for "TAPCamDemoTests" folder in "TAPCamDemoTests" target */,
			);
			path = TAPCamDemoTests;
			sourceTree = "<group>";
		};
/* End PBXFileSystemSynchronizedRootGroup section */

/* Begin PBXFrameworksBuildPhase section */
		F2B001032FA8000000000103 /* Frameworks */ = {
			isa = PBXFrameworksBuildPhase;
			buildActionMask = 2147483647;
			files = (
			);
			runOnlyForDeploymentPostprocessing = 0;
		};
		F2E100042FC0000000000004 /* Frameworks */ = {
			isa = PBXFrameworksBuildPhase;
			buildActionMask = 2147483647;
			files = (
			);
			runOnlyForDeploymentPostprocessing = 0;
		};
		F2E200042FC0000000000004 /* Frameworks */ = {
			isa = PBXFrameworksBuildPhase;
			buildActionMask = 2147483647;
			files = (
			);
			runOnlyForDeploymentPostprocessing = 0;
		};
		F2F5FDEC2F9B320F00F5071A /* Frameworks */ = {
			isa = PBXFrameworksBuildPhase;
			buildActionMask = 2147483647;
			files = (
				F2A0A0032FA0000000000003 /* AppAttestKit in Frameworks */,
				F2A0B0032FB0000000000003 /* ZIPFoundation in Frameworks */,
				F2C0C00330A0000000000003 /* libzstd in Frameworks */,
			);
			runOnlyForDeploymentPostprocessing = 0;
		};
		F2F5FDF92F9B321100F5071A /* Frameworks */ = {
			isa = PBXFrameworksBuildPhase;
			buildActionMask = 2147483647;
			files = (
				F2A0A0052FA0000000000005 /* AppAttestKit in Frameworks */,
				F2A0B0052FB0000000000005 /* ZIPFoundation in Frameworks */,
			);
			runOnlyForDeploymentPostprocessing = 0;
		};
/* End PBXFrameworksBuildPhase section */

/* Begin PBXGroup section */
		F2F5FDE62F9B320F00F5071A = {
			isa = PBXGroup;
			children = (
				F2F5FDF12F9B320F00F5071A /* TAPCamDemo */,
				F2E400012FC0000000000001 /* TAPCamLockedCameraIntents */,
				F2E100022FC0000000000002 /* TAPCamLockedCameraCaptureExtension */,
				F2E200022FC0000000000002 /* TAPCamLockedCameraControlExtension */,
				F2F5FDFF2F9B321100F5071A /* TAPCamDemoTests */,
				F2B001022FA8000000000102 /* TAPCamDemoUITests */,
				F2F5FDF02F9B320F00F5071A /* Products */,
			);
			sourceTree = "<group>";
		};
		F2F5FDF02F9B320F00F5071A /* Products */ = {
			isa = PBXGroup;
			children = (
				F2F5FDEF2F9B320F00F5071A /* TAPCamDemo.app */,
				F2E100012FC0000000000001 /* TAPCamLockedCameraCaptureExtension.appex */,
				F2E200012FC0000000000001 /* TAPCamLockedCameraControlExtension.appex */,
				F2F5FDFC2F9B321100F5071A /* TAPCamDemoTests.xctest */,
				F2B001002FA8000000000100 /* TAPCamDemoUITests.xctest */,
			);
			name = Products;
			sourceTree = "<group>";
		};
/* End PBXGroup section */

/* Begin PBXNativeTarget section */
		F2B001062FA8000000000106 /* TAPCamDemoUITests */ = {
			isa = PBXNativeTarget;
			buildConfigurationList = F2B001092FA8000000000109 /* Build configuration list for PBXNativeTarget "TAPCamDemoUITests" */;
			buildPhases = (
				F2B001052FA8000000000105 /* Sources */,
				F2B001032FA8000000000103 /* Frameworks */,
				F2B001042FA8000000000104 /* Resources */,
			);
			buildRules = (
			);
			dependencies = (
				F2B001082FA8000000000108 /* PBXTargetDependency */,
			);
			fileSystemSynchronizedGroups = (
				F2B001022FA8000000000102 /* TAPCamDemoUITests */,
			);
			name = TAPCamDemoUITests;
			packageProductDependencies = (
			);
			productName = TAPCamDemoUITests;
			productReference = F2B001002FA8000000000100 /* TAPCamDemoUITests.xctest */;
			productType = "com.apple.product-type.bundle.ui-testing";
		};
		F2E100062FC0000000000006 /* TAPCamLockedCameraCaptureExtension */ = {
			isa = PBXNativeTarget;
			buildConfigurationList = F2E100072FC0000000000007 /* Build configuration list for PBXNativeTarget "TAPCamLockedCameraCaptureExtension" */;
			buildPhases = (
				F2E100032FC0000000000003 /* Sources */,
				F2E100042FC0000000000004 /* Frameworks */,
				F2E100052FC0000000000005 /* Resources */,
			);
			buildRules = (
			);
			dependencies = (
			);
			fileSystemSynchronizedGroups = (
				F2E100022FC0000000000002 /* TAPCamLockedCameraCaptureExtension */,
				F2E400012FC0000000000001 /* TAPCamLockedCameraIntents */,
			);
			name = TAPCamLockedCameraCaptureExtension;
			packageProductDependencies = (
			);
			productName = TAPCamLockedCameraCaptureExtension;
			productReference = F2E100012FC0000000000001 /* TAPCamLockedCameraCaptureExtension.appex */;
			productType = "com.apple.product-type.extensionkit-extension";
		};
		F2E200062FC0000000000006 /* TAPCamLockedCameraControlExtension */ = {
			isa = PBXNativeTarget;
			buildConfigurationList = F2E200072FC0000000000007 /* Build configuration list for PBXNativeTarget "TAPCamLockedCameraControlExtension" */;
			buildPhases = (
				F2E200032FC0000000000003 /* Sources */,
				F2E200042FC0000000000004 /* Frameworks */,
				F2E200052FC0000000000005 /* Resources */,
			);
			buildRules = (
			);
			dependencies = (
			);
			fileSystemSynchronizedGroups = (
				F2E200022FC0000000000002 /* TAPCamLockedCameraControlExtension */,
				F2E400012FC0000000000001 /* TAPCamLockedCameraIntents */,
			);
			name = TAPCamLockedCameraControlExtension;
			packageProductDependencies = (
			);
			productName = TAPCamLockedCameraControlExtension;
			productReference = F2E200012FC0000000000001 /* TAPCamLockedCameraControlExtension.appex */;
			productType = "com.apple.product-type.app-extension";
		};
		F2F5FDEE2F9B320F00F5071A /* TAPCamDemo */ = {
			isa = PBXNativeTarget;
			buildConfigurationList = F2F5FE102F9B321100F5071A /* Build configuration list for PBXNativeTarget "TAPCamDemo" */;
			buildPhases = (
				F2F5FDEB2F9B320F00F5071A /* Sources */,
				F2F5FDEC2F9B320F00F5071A /* Frameworks */,
				F2F5FDED2F9B320F00F5071A /* Resources */,
				F2E300012FC0000000000001 /* Embed App Extensions */,
				F2E300042FC0000000000004 /* Embed ExtensionKit Extensions */,
			);
			buildRules = (
			);
			dependencies = (
				F2E1000C2FC00000000000C /* PBXTargetDependency */,
				F2E2000C2FC00000000000C /* PBXTargetDependency */,
			);
			fileSystemSynchronizedGroups = (
				F2E400012FC0000000000001 /* TAPCamLockedCameraIntents */,
				F2F5FDF12F9B320F00F5071A /* TAPCamDemo */,
			);
			name = TAPCamDemo;
			packageProductDependencies = (
				F2A0A0022FA0000000000002 /* AppAttestKit */,
				F2A0B0022FB0000000000002 /* ZIPFoundation */,
				F2C0C00230A0000000000002 /* libzstd */,
			);
			productName = TAPCamDemo;
			productReference = F2F5FDEF2F9B320F00F5071A /* TAPCamDemo.app */;
			productType = "com.apple.product-type.application";
		};
		F2F5FDFB2F9B321100F5071A /* TAPCamDemoTests */ = {
			isa = PBXNativeTarget;
			buildConfigurationList = F2F5FE132F9B321100F5071A /* Build configuration list for PBXNativeTarget "TAPCamDemoTests" */;
			buildPhases = (
				F2F5FDF82F9B321100F5071A /* Sources */,
				F2F5FDF92F9B321100F5071A /* Frameworks */,
				F2F5FDFA2F9B321100F5071A /* Resources */,
			);
			buildRules = (
			);
			dependencies = (
				F2F5FDFE2F9B321100F5071A /* PBXTargetDependency */,
			);
			fileSystemSynchronizedGroups = (
				F2F5FDFF2F9B321100F5071A /* TAPCamDemoTests */,
			);
			name = TAPCamDemoTests;
			packageProductDependencies = (
				F2A0A0042FA0000000000004 /* AppAttestKit */,
				F2A0B0042FB0000000000004 /* ZIPFoundation */,
			);
			productName = TAPCamDemoTests;
			productReference = F2F5FDFC2F9B321100F5071A /* TAPCamDemoTests.xctest */;
			productType = "com.apple.product-type.bundle.unit-test";
		};
/* End PBXNativeTarget section */

/* Begin PBXProject section */
		F2F5FDE72F9B320F00F5071A /* Project object */ = {
			isa = PBXProject;
			attributes = {
				BuildIndependentTargetsInParallel = 1;
				LastSwiftUpdateCheck = 2640;
				LastUpgradeCheck = 2640;
				TargetAttributes = {
					F2B001062FA8000000000106 = {
						CreatedOnToolsVersion = 26.4.1;
						TestTargetID = F2F5FDEE2F9B320F00F5071A;
					};
					F2E100062FC0000000000006 = {
						CreatedOnToolsVersion = 26.4.1;
					};
					F2E200062FC0000000000006 = {
						CreatedOnToolsVersion = 26.4.1;
					};
					F2F5FDEE2F9B320F00F5071A = {
						CreatedOnToolsVersion = 26.4.1;
					};
					F2F5FDFB2F9B321100F5071A = {
						CreatedOnToolsVersion = 26.4.1;
						TestTargetID = F2F5FDEE2F9B320F00F5071A;
					};
				};
			};
			buildConfigurationList = F2F5FDEA2F9B320F00F5071A /* Build configuration list for PBXProject "TAPCamDemo" */;
			developmentRegion = en;
			hasScannedForEncodings = 0;
			knownRegions = (
				en,
				Base,
			);
			mainGroup = F2F5FDE62F9B320F00F5071A;
			minimizedProjectReferenceProxies = 1;
			packageReferences = (
				F2A0A0012FA0000000000001 /* XCRemoteSwiftPackageReference "AppAttestKit" */,
				F2A0B0012FB0000000000001 /* XCRemoteSwiftPackageReference "ZIPFoundation" */,
				F2C0C00130A0000000000001 /* XCRemoteSwiftPackageReference "zstd" */,
			);
			preferredProjectObjectVersion = 77;
			productRefGroup = F2F5FDF02F9B320F00F5071A /* Products */;
			projectDirPath = "";
			projectRoot = "";
			targets = (
				F2F5FDEE2F9B320F00F5071A /* TAPCamDemo */,
				F2E100062FC0000000000006 /* TAPCamLockedCameraCaptureExtension */,
				F2E200062FC0000000000006 /* TAPCamLockedCameraControlExtension */,
				F2F5FDFB2F9B321100F5071A /* TAPCamDemoTests */,
				F2B001062FA8000000000106 /* TAPCamDemoUITests */,
			);
		};
/* End PBXProject section */

/* Begin PBXResourcesBuildPhase section */
		F2B001042FA8000000000104 /* Resources */ = {
			isa = PBXResourcesBuildPhase;
			buildActionMask = 2147483647;
			files = (
			);
			runOnlyForDeploymentPostprocessing = 0;
		};
		F2E100052FC0000000000005 /* Resources */ = {
			isa = PBXResourcesBuildPhase;
			buildActionMask = 2147483647;
			files = (
			);
			runOnlyForDeploymentPostprocessing = 0;
		};
		F2E200052FC0000000000005 /* Resources */ = {
			isa = PBXResourcesBuildPhase;
			buildActionMask = 2147483647;
			files = (
			);
			runOnlyForDeploymentPostprocessing = 0;
		};
		F2F5FDED2F9B320F00F5071A /* Resources */ = {
			isa = PBXResourcesBuildPhase;
			buildActionMask = 2147483647;
			files = (
			);
			runOnlyForDeploymentPostprocessing = 0;
		};
		F2F5FDFA2F9B321100F5071A /* Resources */ = {
			isa = PBXResourcesBuildPhase;
			buildActionMask = 2147483647;
			files = (
			);
			runOnlyForDeploymentPostprocessing = 0;
		};
/* End PBXResourcesBuildPhase section */

/* Begin PBXSourcesBuildPhase section */
		F2B001052FA8000000000105 /* Sources */ = {
			isa = PBXSourcesBuildPhase;
			buildActionMask = 2147483647;
			files = (
			);
			runOnlyForDeploymentPostprocessing = 0;
		};
		F2E100032FC0000000000003 /* Sources */ = {
			isa = PBXSourcesBuildPhase;
			buildActionMask = 2147483647;
			files = (
			);
			runOnlyForDeploymentPostprocessing = 0;
		};
		F2E200032FC0000000000003 /* Sources */ = {
			isa = PBXSourcesBuildPhase;
			buildActionMask = 2147483647;
			files = (
			);
			runOnlyForDeploymentPostprocessing = 0;
		};
		F2F5FDEB2F9B320F00F5071A /* Sources */ = {
			isa = PBXSourcesBuildPhase;
			buildActionMask = 2147483647;
			files = (
			);
			runOnlyForDeploymentPostprocessing = 0;
		};
		F2F5FDF82F9B321100F5071A /* Sources */ = {
			isa = PBXSourcesBuildPhase;
			buildActionMask = 2147483647;
			files = (
			);
			runOnlyForDeploymentPostprocessing = 0;
		};
/* End PBXSourcesBuildPhase section */

/* Begin PBXTargetDependency section */
		F2B001082FA8000000000108 /* PBXTargetDependency */ = {
			isa = PBXTargetDependency;
			target = F2F5FDEE2F9B320F00F5071A /* TAPCamDemo */;
			targetProxy = F2B001072FA8000000000107 /* PBXContainerItemProxy */;
		};
		F2E1000C2FC00000000000C /* PBXTargetDependency */ = {
			isa = PBXTargetDependency;
			target = F2E100062FC0000000000006 /* TAPCamLockedCameraCaptureExtension */;
			targetProxy = F2E1000B2FC00000000000B /* PBXContainerItemProxy */;
		};
		F2E2000C2FC00000000000C /* PBXTargetDependency */ = {
			isa = PBXTargetDependency;
			target = F2E200062FC0000000000006 /* TAPCamLockedCameraControlExtension */;
			targetProxy = F2E2000B2FC00000000000B /* PBXContainerItemProxy */;
		};
		F2F5FDFE2F9B321100F5071A /* PBXTargetDependency */ = {
			isa = PBXTargetDependency;
			target = F2F5FDEE2F9B320F00F5071A /* TAPCamDemo */;
			targetProxy = F2F5FDFD2F9B321100F5071A /* PBXContainerItemProxy */;
		};
/* End PBXTargetDependency section */

/* Begin XCBuildConfiguration section */
		F2B0010A2FA800000000010A /* Debug */ = {
			isa = XCBuildConfiguration;
			buildSettings = {
				CODE_SIGN_STYLE = Automatic;
				CURRENT_PROJECT_VERSION = 1;
				DEVELOPMENT_TEAM = UD3269PSCB;
				GENERATE_INFOPLIST_FILE = YES;
				IPHONEOS_DEPLOYMENT_TARGET = 18.6;
				MARKETING_VERSION = 1.0;
				PRODUCT_BUNDLE_IDENTIFIER = "TAP-NAP.TAPCamDemoUITests";
				PRODUCT_NAME = "$(TARGET_NAME)";
				STRING_CATALOG_GENERATE_SYMBOLS = NO;
				SWIFT_APPROACHABLE_CONCURRENCY = YES;
				SWIFT_EMIT_LOC_STRINGS = NO;
				SWIFT_UPCOMING_FEATURE_MEMBER_IMPORT_VISIBILITY = YES;
				SWIFT_VERSION = 5.0;
				TARGETED_DEVICE_FAMILY = "1,2";
				TEST_TARGET_NAME = TAPCamDemo;
			};
			name = Debug;
		};
		F2B0010B2FA800000000010B /* Release */ = {
			isa = XCBuildConfiguration;
			buildSettings = {
				CODE_SIGN_STYLE = Automatic;
				CURRENT_PROJECT_VERSION = 1;
				DEVELOPMENT_TEAM = UD3269PSCB;
				GENERATE_INFOPLIST_FILE = YES;
				IPHONEOS_DEPLOYMENT_TARGET = 18.6;
				MARKETING_VERSION = 1.0;
				PRODUCT_BUNDLE_IDENTIFIER = "TAP-NAP.TAPCamDemoUITests";
				PRODUCT_NAME = "$(TARGET_NAME)";
				STRING_CATALOG_GENERATE_SYMBOLS = NO;
				SWIFT_APPROACHABLE_CONCURRENCY = YES;
				SWIFT_EMIT_LOC_STRINGS = NO;
				SWIFT_UPCOMING_FEATURE_MEMBER_IMPORT_VISIBILITY = YES;
				SWIFT_VERSION = 5.0;
				TARGETED_DEVICE_FAMILY = "1,2";
				TEST_TARGET_NAME = TAPCamDemo;
			};
			name = Release;
		};
		F2E100082FC0000000000008 /* Debug */ = {
			isa = XCBuildConfiguration;
			buildSettings = {
				APPLICATION_EXTENSION_API_ONLY = YES;
				CODE_SIGN_STYLE = Automatic;
				CURRENT_PROJECT_VERSION = 2;
				DEVELOPMENT_TEAM = UD3269PSCB;
				ENABLE_PREVIEWS = YES;
				GENERATE_INFOPLIST_FILE = NO;
				INFOPLIST_FILE = TAPCamLockedCameraCaptureExtension/Info.plist;
				IPHONEOS_DEPLOYMENT_TARGET = 18.6;
				LD_RUNPATH_SEARCH_PATHS = (
					"$(inherited)",
					"@executable_path/Frameworks",
					"@executable_path/../../Frameworks",
				);
				MARKETING_VERSION = 0.2;
				PRODUCT_BUNDLE_IDENTIFIER = "TAP-NAP.TAPCamDemo.LockedCapture";
				PRODUCT_NAME = "$(TARGET_NAME)";
				SKIP_INSTALL = YES;
				STRING_CATALOG_GENERATE_SYMBOLS = YES;
				SWIFT_APPROACHABLE_CONCURRENCY = YES;
				SWIFT_DEFAULT_ACTOR_ISOLATION = MainActor;
				SWIFT_EMIT_LOC_STRINGS = YES;
				SWIFT_UPCOMING_FEATURE_MEMBER_IMPORT_VISIBILITY = YES;
				SWIFT_VERSION = 5.0;
				TARGETED_DEVICE_FAMILY = "1,2";
			};
			name = Debug;
		};
		F2E100092FC0000000000009 /* Release */ = {
			isa = XCBuildConfiguration;
			buildSettings = {
				APPLICATION_EXTENSION_API_ONLY = YES;
				CODE_SIGN_STYLE = Automatic;
				CURRENT_PROJECT_VERSION = 2;
				DEVELOPMENT_TEAM = UD3269PSCB;
				ENABLE_PREVIEWS = YES;
				GENERATE_INFOPLIST_FILE = NO;
				INFOPLIST_FILE = TAPCamLockedCameraCaptureExtension/Info.plist;
				IPHONEOS_DEPLOYMENT_TARGET = 18.6;
				LD_RUNPATH_SEARCH_PATHS = (
					"$(inherited)",
					"@executable_path/Frameworks",
					"@executable_path/../../Frameworks",
				);
				MARKETING_VERSION = 0.2;
				PRODUCT_BUNDLE_IDENTIFIER = "TAP-NAP.TAPCamDemo.LockedCapture";
				PRODUCT_NAME = "$(TARGET_NAME)";
				SKIP_INSTALL = YES;
				STRING_CATALOG_GENERATE_SYMBOLS = YES;
				SWIFT_APPROACHABLE_CONCURRENCY = YES;
				SWIFT_DEFAULT_ACTOR_ISOLATION = MainActor;
				SWIFT_EMIT_LOC_STRINGS = YES;
				SWIFT_UPCOMING_FEATURE_MEMBER_IMPORT_VISIBILITY = YES;
				SWIFT_VERSION = 5.0;
				TARGETED_DEVICE_FAMILY = "1,2";
			};
			name = Release;
		};
		F2E200082FC0000000000008 /* Debug */ = {
			isa = XCBuildConfiguration;
			buildSettings = {
				APPLICATION_EXTENSION_API_ONLY = YES;
				CODE_SIGN_STYLE = Automatic;
				CURRENT_PROJECT_VERSION = 2;
				DEVELOPMENT_TEAM = UD3269PSCB;
				ENABLE_PREVIEWS = YES;
				GENERATE_INFOPLIST_FILE = NO;
				INFOPLIST_FILE = TAPCamLockedCameraControlExtension/Info.plist;
				IPHONEOS_DEPLOYMENT_TARGET = 18.6;
				LD_RUNPATH_SEARCH_PATHS = (
					"$(inherited)",
					"@executable_path/Frameworks",
					"@executable_path/../../Frameworks",
				);
				MARKETING_VERSION = 0.2;
				PRODUCT_BUNDLE_IDENTIFIER = "TAP-NAP.TAPCamDemo.Controls";
				PRODUCT_NAME = "$(TARGET_NAME)";
				SKIP_INSTALL = YES;
				STRING_CATALOG_GENERATE_SYMBOLS = YES;
				SWIFT_APPROACHABLE_CONCURRENCY = YES;
				SWIFT_DEFAULT_ACTOR_ISOLATION = MainActor;
				SWIFT_EMIT_LOC_STRINGS = YES;
				SWIFT_UPCOMING_FEATURE_MEMBER_IMPORT_VISIBILITY = YES;
				SWIFT_VERSION = 5.0;
				TARGETED_DEVICE_FAMILY = "1,2";
			};
			name = Debug;
		};
		F2E200092FC0000000000009 /* Release */ = {
			isa = XCBuildConfiguration;
			buildSettings = {
				APPLICATION_EXTENSION_API_ONLY = YES;
				CODE_SIGN_STYLE = Automatic;
				CURRENT_PROJECT_VERSION = 2;
				DEVELOPMENT_TEAM = UD3269PSCB;
				ENABLE_PREVIEWS = YES;
				GENERATE_INFOPLIST_FILE = NO;
				INFOPLIST_FILE = TAPCamLockedCameraControlExtension/Info.plist;
				IPHONEOS_DEPLOYMENT_TARGET = 18.6;
				LD_RUNPATH_SEARCH_PATHS = (
					"$(inherited)",
					"@executable_path/Frameworks",
					"@executable_path/../../Frameworks",
				);
				MARKETING_VERSION = 0.2;
				PRODUCT_BUNDLE_IDENTIFIER = "TAP-NAP.TAPCamDemo.Controls";
				PRODUCT_NAME = "$(TARGET_NAME)";
				SKIP_INSTALL = YES;
				STRING_CATALOG_GENERATE_SYMBOLS = YES;
				SWIFT_APPROACHABLE_CONCURRENCY = YES;
				SWIFT_DEFAULT_ACTOR_ISOLATION = MainActor;
				SWIFT_EMIT_LOC_STRINGS = YES;
				SWIFT_UPCOMING_FEATURE_MEMBER_IMPORT_VISIBILITY = YES;
				SWIFT_VERSION = 5.0;
				TARGETED_DEVICE_FAMILY = "1,2";
			};
			name = Release;
		};
		F2F5FE0E2F9B321100F5071A /* Debug */ = {
			isa = XCBuildConfiguration;
			buildSettings = {
				ALWAYS_SEARCH_USER_PATHS = NO;
				ASSETCATALOG_COMPILER_GENERATE_SWIFT_ASSET_SYMBOL_EXTENSIONS = YES;
				CLANG_ANALYZER_NONNULL = YES;
				CLANG_ANALYZER_NUMBER_OBJECT_CONVERSION = YES_AGGRESSIVE;
				CLANG_CXX_LANGUAGE_STANDARD = "gnu++20";
				CLANG_ENABLE_MODULES = YES;
				CLANG_ENABLE_OBJC_ARC = YES;
				CLANG_ENABLE_OBJC_WEAK = YES;
				CLANG_WARN_BLOCK_CAPTURE_AUTORELEASING = YES;
				CLANG_WARN_BOOL_CONVERSION = YES;
				CLANG_WARN_COMMA = YES;
				CLANG_WARN_CONSTANT_CONVERSION = YES;
				CLANG_WARN_DEPRECATED_OBJC_IMPLEMENTATIONS = YES;
				CLANG_WARN_DIRECT_OBJC_ISA_USAGE = YES_ERROR;
				CLANG_WARN_DOCUMENTATION_COMMENTS = YES;
				CLANG_WARN_EMPTY_BODY = YES;
				CLANG_WARN_ENUM_CONVERSION = YES;
				CLANG_WARN_INFINITE_RECURSION = YES;
				CLANG_WARN_INT_CONVERSION = YES;
				CLANG_WARN_NON_LITERAL_NULL_CONVERSION = YES;
				CLANG_WARN_OBJC_IMPLICIT_RETAIN_SELF = YES;
				CLANG_WARN_OBJC_LITERAL_CONVERSION = YES;
				CLANG_WARN_OBJC_ROOT_CLASS = YES_ERROR;
				CLANG_WARN_QUOTED_INCLUDE_IN_FRAMEWORK_HEADER = YES;
				CLANG_WARN_RANGE_LOOP_ANALYSIS = YES;
				CLANG_WARN_STRICT_PROTOTYPES = YES;
				CLANG_WARN_SUSPICIOUS_MOVE = YES;
				CLANG_WARN_UNGUARDED_AVAILABILITY = YES_AGGRESSIVE;
				CLANG_WARN_UNREACHABLE_CODE = YES;
				CLANG_WARN__DUPLICATE_METHOD_MATCH = YES;
				COPY_PHASE_STRIP = NO;
				DEBUG_INFORMATION_FORMAT = dwarf;
				DEVELOPMENT_TEAM = UD3269PSCB;
				ENABLE_STRICT_OBJC_MSGSEND = YES;
				ENABLE_TESTABILITY = YES;
				ENABLE_USER_SCRIPT_SANDBOXING = YES;
				GCC_C_LANGUAGE_STANDARD = gnu17;
				GCC_DYNAMIC_NO_PIC = NO;
				GCC_NO_COMMON_BLOCKS = YES;
				GCC_OPTIMIZATION_LEVEL = 0;
				GCC_PREPROCESSOR_DEFINITIONS = (
					"DEBUG=1",
					"$(inherited)",
				);
				GCC_WARN_64_TO_32_BIT_CONVERSION = YES;
				GCC_WARN_ABOUT_RETURN_TYPE = YES_ERROR;
				GCC_WARN_UNDECLARED_SELECTOR = YES;
				GCC_WARN_UNINITIALIZED_AUTOS = YES_AGGRESSIVE;
				GCC_WARN_UNUSED_FUNCTION = YES;
				GCC_WARN_UNUSED_VARIABLE = YES;
				IPHONEOS_DEPLOYMENT_TARGET = 18.6;
				LOCALIZATION_PREFERS_STRING_CATALOGS = YES;
				MTL_ENABLE_DEBUG_INFO = INCLUDE_SOURCE;
				MTL_FAST_MATH = YES;
				ONLY_ACTIVE_ARCH = YES;
				SDKROOT = iphoneos;
				SWIFT_ACTIVE_COMPILATION_CONDITIONS = "DEBUG $(inherited)";
				SWIFT_OPTIMIZATION_LEVEL = "-Onone";
			};
			name = Debug;
		};
		F2F5FE0F2F9B321100F5071A /* Release */ = {
			isa = XCBuildConfiguration;
			buildSettings = {
				ALWAYS_SEARCH_USER_PATHS = NO;
				ASSETCATALOG_COMPILER_GENERATE_SWIFT_ASSET_SYMBOL_EXTENSIONS = YES;
				CLANG_ANALYZER_NONNULL = YES;
				CLANG_ANALYZER_NUMBER_OBJECT_CONVERSION = YES_AGGRESSIVE;
				CLANG_CXX_LANGUAGE_STANDARD = "gnu++20";
				CLANG_ENABLE_MODULES = YES;
				CLANG_ENABLE_OBJC_ARC = YES;
				CLANG_ENABLE_OBJC_WEAK = YES;
				CLANG_WARN_BLOCK_CAPTURE_AUTORELEASING = YES;
				CLANG_WARN_BOOL_CONVERSION = YES;
				CLANG_WARN_COMMA = YES;
				CLANG_WARN_CONSTANT_CONVERSION = YES;
				CLANG_WARN_DEPRECATED_OBJC_IMPLEMENTATIONS = YES;
				CLANG_WARN_DIRECT_OBJC_ISA_USAGE = YES_ERROR;
				CLANG_WARN_DOCUMENTATION_COMMENTS = YES;
				CLANG_WARN_EMPTY_BODY = YES;
				CLANG_WARN_ENUM_CONVERSION = YES;
				CLANG_WARN_INFINITE_RECURSION = YES;
				CLANG_WARN_INT_CONVERSION = YES;
				CLANG_WARN_NON_LITERAL_NULL_CONVERSION = YES;
				CLANG_WARN_OBJC_IMPLICIT_RETAIN_SELF = YES;
				CLANG_WARN_OBJC_LITERAL_CONVERSION = YES;
				CLANG_WARN_OBJC_ROOT_CLASS = YES_ERROR;
				CLANG_WARN_QUOTED_INCLUDE_IN_FRAMEWORK_HEADER = YES;
				CLANG_WARN_RANGE_LOOP_ANALYSIS = YES;
				CLANG_WARN_STRICT_PROTOTYPES = YES;
				CLANG_WARN_SUSPICIOUS_MOVE = YES;
				CLANG_WARN_UNGUARDED_AVAILABILITY = YES_AGGRESSIVE;
				CLANG_WARN_UNREACHABLE_CODE = YES;
				CLANG_WARN__DUPLICATE_METHOD_MATCH = YES;
				COPY_PHASE_STRIP = NO;
				DEBUG_INFORMATION_FORMAT = "dwarf-with-dsym";
				DEVELOPMENT_TEAM = UD3269PSCB;
				ENABLE_NS_ASSERTIONS = NO;
				ENABLE_STRICT_OBJC_MSGSEND = YES;
				ENABLE_USER_SCRIPT_SANDBOXING = YES;
				GCC_C_LANGUAGE_STANDARD = gnu17;
				GCC_NO_COMMON_BLOCKS = YES;
				GCC_WARN_64_TO_32_BIT_CONVERSION = YES;
				GCC_WARN_ABOUT_RETURN_TYPE = YES_ERROR;
				GCC_WARN_UNDECLARED_SELECTOR = YES;
				GCC_WARN_UNINITIALIZED_AUTOS = YES_AGGRESSIVE;
				GCC_WARN_UNUSED_FUNCTION = YES;
				GCC_WARN_UNUSED_VARIABLE = YES;
				IPHONEOS_DEPLOYMENT_TARGET = 18.6;
				LOCALIZATION_PREFERS_STRING_CATALOGS = YES;
				MTL_ENABLE_DEBUG_INFO = NO;
				MTL_FAST_MATH = YES;
				SDKROOT = iphoneos;
				SWIFT_COMPILATION_MODE = wholemodule;
				VALIDATE_PRODUCT = YES;
			};
			name = Release;
		};
		F2F5FE112F9B321100F5071A /* Debug */ = {
			isa = XCBuildConfiguration;
			buildSettings = {
				APP_ATTEST_BACKEND_URL = "https://www.tapnap.net";
				APP_ATTEST_ENVIRONMENT = development;
				ASSETCATALOG_COMPILER_APPICON_NAME = AppIcon;
				ASSETCATALOG_COMPILER_GLOBAL_ACCENT_COLOR_NAME = AccentColor;
				CODE_SIGN_ENTITLEMENTS = TAPCamDemo.entitlements;
				CODE_SIGN_STYLE = Automatic;
				CURRENT_PROJECT_VERSION = 2;
				DEVELOPMENT_TEAM = UD3269PSCB;
				ENABLE_PREVIEWS = YES;
				GENERATE_INFOPLIST_FILE = NO;
				INFOPLIST_FILE = "TAPCamDemo-Info.plist";
				INFOPLIST_KEY_CFBundleDisplayName = TAPCam;
				IPHONEOS_DEPLOYMENT_TARGET = 18.6;
				LD_RUNPATH_SEARCH_PATHS = (
					"$(inherited)",
					"@executable_path/Frameworks",
				);
				MARKETING_VERSION = 0.2;
				OTHER_SWIFT_FLAGS = "$(inherited) -Xcc -Wno-config-macros";
				PRODUCT_BUNDLE_IDENTIFIER = "TAP-NAP.TAPCamDemo";
				PRODUCT_NAME = "$(TARGET_NAME)";
				STRING_CATALOG_GENERATE_SYMBOLS = YES;
				SWIFT_APPROACHABLE_CONCURRENCY = YES;
				SWIFT_DEFAULT_ACTOR_ISOLATION = MainActor;
				SWIFT_EMIT_LOC_STRINGS = YES;
				SWIFT_UPCOMING_FEATURE_MEMBER_IMPORT_VISIBILITY = YES;
				SWIFT_VERSION = 5.0;
				TARGETED_DEVICE_FAMILY = "1,2";
			};
			name = Debug;
		};
		F2F5FE122F9B321100F5071A /* Release */ = {
			isa = XCBuildConfiguration;
			buildSettings = {
				APP_ATTEST_BACKEND_URL = "https://www.tapnap.net";
				APP_ATTEST_ENVIRONMENT = production;
				ASSETCATALOG_COMPILER_APPICON_NAME = AppIcon;
				ASSETCATALOG_COMPILER_GLOBAL_ACCENT_COLOR_NAME = AccentColor;
				CODE_SIGN_ENTITLEMENTS = TAPCamDemo.entitlements;
				CODE_SIGN_STYLE = Automatic;
				CURRENT_PROJECT_VERSION = 2;
				DEVELOPMENT_TEAM = UD3269PSCB;
				ENABLE_PREVIEWS = YES;
				GENERATE_INFOPLIST_FILE = NO;
				INFOPLIST_FILE = "TAPCamDemo-Info.plist";
				INFOPLIST_KEY_CFBundleDisplayName = TAPCam;
				IPHONEOS_DEPLOYMENT_TARGET = 18.6;
				LD_RUNPATH_SEARCH_PATHS = (
					"$(inherited)",
					"@executable_path/Frameworks",
				);
				MARKETING_VERSION = 0.2;
				OTHER_SWIFT_FLAGS = "$(inherited) -Xcc -Wno-config-macros";
				PRODUCT_BUNDLE_IDENTIFIER = "TAP-NAP.TAPCamDemo";
				PRODUCT_NAME = "$(TARGET_NAME)";
				STRING_CATALOG_GENERATE_SYMBOLS = YES;
				SWIFT_APPROACHABLE_CONCURRENCY = YES;
				SWIFT_DEFAULT_ACTOR_ISOLATION = MainActor;
				SWIFT_EMIT_LOC_STRINGS = YES;
				SWIFT_UPCOMING_FEATURE_MEMBER_IMPORT_VISIBILITY = YES;
				SWIFT_VERSION = 5.0;
				TARGETED_DEVICE_FAMILY = "1,2";
			};
			name = Release;
		};
		F2F5FE142F9B321100F5071A /* Debug */ = {
			isa = XCBuildConfiguration;
			buildSettings = {
				BUNDLE_LOADER = "$(TEST_HOST)";
				CODE_SIGN_STYLE = Automatic;
				CURRENT_PROJECT_VERSION = 1;
				DEVELOPMENT_TEAM = UD3269PSCB;
				GENERATE_INFOPLIST_FILE = YES;
				IPHONEOS_DEPLOYMENT_TARGET = 18.6;
				MARKETING_VERSION = 1.0;
				PRODUCT_BUNDLE_IDENTIFIER = "TAP-NAP.TAPCamDemoTests";
				PRODUCT_NAME = "$(TARGET_NAME)";
				STRING_CATALOG_GENERATE_SYMBOLS = NO;
				SWIFT_APPROACHABLE_CONCURRENCY = YES;
				SWIFT_EMIT_LOC_STRINGS = NO;
				SWIFT_UPCOMING_FEATURE_MEMBER_IMPORT_VISIBILITY = YES;
				SWIFT_VERSION = 5.0;
				TARGETED_DEVICE_FAMILY = "1,2";
				TEST_HOST = "$(BUILT_PRODUCTS_DIR)/TAPCamDemo.app/$(BUNDLE_EXECUTABLE_FOLDER_PATH)/TAPCamDemo";
			};
			name = Debug;
		};
		F2F5FE152F9B321100F5071A /* Release */ = {
			isa = XCBuildConfiguration;
			buildSettings = {
				BUNDLE_LOADER = "$(TEST_HOST)";
				CODE_SIGN_STYLE = Automatic;
				CURRENT_PROJECT_VERSION = 1;
				DEVELOPMENT_TEAM = UD3269PSCB;
				GENERATE_INFOPLIST_FILE = YES;
				IPHONEOS_DEPLOYMENT_TARGET = 18.6;
				MARKETING_VERSION = 1.0;
				PRODUCT_BUNDLE_IDENTIFIER = "TAP-NAP.TAPCamDemoTests";
				PRODUCT_NAME = "$(TARGET_NAME)";
				STRING_CATALOG_GENERATE_SYMBOLS = NO;
				SWIFT_APPROACHABLE_CONCURRENCY = YES;
				SWIFT_EMIT_LOC_STRINGS = NO;
				SWIFT_UPCOMING_FEATURE_MEMBER_IMPORT_VISIBILITY = YES;
				SWIFT_VERSION = 5.0;
				TARGETED_DEVICE_FAMILY = "1,2";
				TEST_HOST = "$(BUILT_PRODUCTS_DIR)/TAPCamDemo.app/$(BUNDLE_EXECUTABLE_FOLDER_PATH)/TAPCamDemo";
			};
			name = Release;
		};
/* End XCBuildConfiguration section */

/* Begin XCConfigurationList section */
		F2B001092FA8000000000109 /* Build configuration list for PBXNativeTarget "TAPCamDemoUITests" */ = {
			isa = XCConfigurationList;
			buildConfigurations = (
				F2B0010A2FA800000000010A /* Debug */,
				F2B0010B2FA800000000010B /* Release */,
			);
			defaultConfigurationIsVisible = 0;
			defaultConfigurationName = Release;
		};
		F2E100072FC0000000000007 /* Build configuration list for PBXNativeTarget "TAPCamLockedCameraCaptureExtension" */ = {
			isa = XCConfigurationList;
			buildConfigurations = (
				F2E100082FC0000000000008 /* Debug */,
				F2E100092FC0000000000009 /* Release */,
			);
			defaultConfigurationIsVisible = 0;
			defaultConfigurationName = Release;
		};
		F2E200072FC0000000000007 /* Build configuration list for PBXNativeTarget "TAPCamLockedCameraControlExtension" */ = {
			isa = XCConfigurationList;
			buildConfigurations = (
				F2E200082FC0000000000008 /* Debug */,
				F2E200092FC0000000000009 /* Release */,
			);
			defaultConfigurationIsVisible = 0;
			defaultConfigurationName = Release;
		};
		F2F5FDEA2F9B320F00F5071A /* Build configuration list for PBXProject "TAPCamDemo" */ = {
			isa = XCConfigurationList;
			buildConfigurations = (
				F2F5FE0E2F9B321100F5071A /* Debug */,
				F2F5FE0F2F9B321100F5071A /* Release */,
			);
			defaultConfigurationIsVisible = 0;
			defaultConfigurationName = Release;
		};
		F2F5FE102F9B321100F5071A /* Build configuration list for PBXNativeTarget "TAPCamDemo" */ = {
			isa = XCConfigurationList;
			buildConfigurations = (
				F2F5FE112F9B321100F5071A /* Debug */,
				F2F5FE122F9B321100F5071A /* Release */,
			);
			defaultConfigurationIsVisible = 0;
			defaultConfigurationName = Release;
		};
		F2F5FE132F9B321100F5071A /* Build configuration list for PBXNativeTarget "TAPCamDemoTests" */ = {
			isa = XCConfigurationList;
			buildConfigurations = (
				F2F5FE142F9B321100F5071A /* Debug */,
				F2F5FE152F9B321100F5071A /* Release */,
			);
			defaultConfigurationIsVisible = 0;
			defaultConfigurationName = Release;
		};
/* End XCConfigurationList section */

/* Begin XCRemoteSwiftPackageReference section */
		F2A0A0012FA0000000000001 /* XCRemoteSwiftPackageReference "AppAttestKit" */ = {
			isa = XCRemoteSwiftPackageReference;
			repositoryURL = "https://github.com/TAP-NAP/AppAttestKit.git";
			requirement = {
				kind = revision;
				revision = cca2e79c6fdb054503bab9899c98460e9e3d0b38;
			};
		};
		F2A0B0012FB0000000000001 /* XCRemoteSwiftPackageReference "ZIPFoundation" */ = {
			isa = XCRemoteSwiftPackageReference;
			repositoryURL = "https://github.com/weichsel/ZIPFoundation.git";
			requirement = {
				kind = exactVersion;
				version = 0.9.20;
			};
		};
		F2C0C00130A0000000000001 /* XCRemoteSwiftPackageReference "zstd" */ = {
			isa = XCRemoteSwiftPackageReference;
			repositoryURL = "https://github.com/facebook/zstd.git";
			requirement = {
				kind = exactVersion;
				version = 1.5.7;
			};
		};
/* End XCRemoteSwiftPackageReference section */

/* Begin XCSwiftPackageProductDependency section */
		F2A0A0022FA0000000000002 /* AppAttestKit */ = {
			isa = XCSwiftPackageProductDependency;
			package = F2A0A0012FA0000000000001 /* XCRemoteSwiftPackageReference "AppAttestKit" */;
			productName = AppAttestKit;
		};
		F2A0A0042FA0000000000004 /* AppAttestKit */ = {
			isa = XCSwiftPackageProductDependency;
			package = F2A0A0012FA0000000000001 /* XCRemoteSwiftPackageReference "AppAttestKit" */;
			productName = AppAttestKit;
		};
		F2A0B0022FB0000000000002 /* ZIPFoundation */ = {
			isa = XCSwiftPackageProductDependency;
			package = F2A0B0012FB0000000000001 /* XCRemoteSwiftPackageReference "ZIPFoundation" */;
			productName = ZIPFoundation;
		};
		F2A0B0042FB0000000000004 /* ZIPFoundation */ = {
			isa = XCSwiftPackageProductDependency;
			package = F2A0B0012FB0000000000001 /* XCRemoteSwiftPackageReference "ZIPFoundation" */;
			productName = ZIPFoundation;
		};
		F2C0C00230A0000000000002 /* libzstd */ = {
			isa = XCSwiftPackageProductDependency;
			package = F2C0C00130A0000000000001 /* XCRemoteSwiftPackageReference "zstd" */;
			productName = libzstd;
		};
/* End XCSwiftPackageProductDependency section */
	};
	rootObject = F2F5FDE72F9B320F00F5071A /* Project object */;
}
